// !$*UTF8*$!
{
	archiveVersion = 1;
	classes = {
	};
	objectVersion = 46;
	objects = {

/* Begin PBXFileReference section */
		FA6AD10E184A64150039D70D /* HROApp */ = {isa = PBXFileReference; explicitFileType = folder; includeInIndex = 0; path = HROApp; sourceTree = BUILT_PRODUCTS_DIR; };
		FA6AD112184A64150039D70D /* ContentInfo.plist */ = {isa = PBXFileReference; lastKnownFileType = text.plist.xml; path = ContentInfo.plist; sourceTree = "<group>"; };
/* End PBXFileReference section */

/* Begin PBXGroup section */
		FA6AD107184A64150039D70D = {
			isa = PBXGroup;
			children = (
				FA6AD110184A64150039D70D /* HROApp */,
				FA6AD10F184A64150039D70D /* Products */,
			);
			sourceTree = "<group>";
		};
		FA6AD10F184A64150039D70D /* Products */ = {
			isa = PBXGroup;
			children = (
				FA6AD10E184A64150039D70D /* HROApp */,
			);
			name = Products;
			sourceTree = "<group>";
		};
		FA6AD110184A64150039D70D /* HROApp */ = {
			isa = PBXGroup;
			children = (
				FA6AD111184A64150039D70D /* Supporting Files */,
			);
			path = HROApp;
			sourceTree = "<group>";
		};
		FA6AD111184A64150039D70D /* Supporting Files */ = {
			isa = PBXGroup;
			children = (
				FA6AD112184A64150039D70D /* ContentInfo.plist */,
			);
			name = "Supporting Files";
			sourceTree = "<group>";
		};
/* End PBXGroup section */

/* Begin PBXNativeTarget section */
		FA6AD10D184A64150039D70D /* HROApp */ = {
			isa = PBXNativeTarget;
			buildConfigurationList = FA6AD115184A64150039D70D /* Build configuration list for PBXNativeTarget "HROApp" */;
			buildPhases = (
				FA6AD10C184A64150039D70D /* Resources */,
			);
			buildRules = (
			);
			dependencies = (
			);
			name = HROApp;
			productName = HROApp;
			productReference = FA6AD10E184A64150039D70D /* HROApp */;
			productType = "com.apple.product-type.in-app-purchase-content";
		};
/* End PBXNativeTarget section */

/* Begin PBXProject section */
		FA6AD108184A64150039D70D /* Project object */ = {
			isa = PBXProject;
			attributes = {
				LastUpgradeCheck = 0500;
				ORGANIZATIONNAME = "Alex Orlov, Zach Soule, Andrew Clarke";
			};
			buildConfigurationList = FA6AD10B184A64150039D70D /* Build configuration list for PBXProject "HROApp" */;
			compatibilityVersion = "Xcode 3.2";
			developmentRegion = English;
			hasScannedForEncodings = 0;
			knownRegions = (
				en,
			);
			mainGroup = FA6AD107184A64150039D70D;
			productRefGroup = FA6AD10F184A64150039D70D /* Products */;
			projectDirPath = "";
			projectRoot = "";
			targets = (
				FA6AD10D184A64150039D70D /* HROApp */,
			);
		};
/* End PBXProject section */

/* Begin PBXResourcesBuildPhase section */
		FA6AD10C184A64150039D70D /* Resources */ = {
			isa = PBXResourcesBuildPhase;
			buildActionMask = 2147483647;
			files = (
			);
			runOnlyForDeploymentPostprocessing = 0;
		};
/* End PBXResourcesBuildPhase section */

/* Begin XCBuildConfiguration section */
		FA6AD113184A64150039D70D /* Debug */ = {
			isa = XCBuildConfiguration;
			buildSettings = {
				ALWAYS_SEARCH_USER_PATHS = NO;
				CLANG_CXX_LANGUAGE_STANDARD = "gnu++0x";
				CLANG_CXX_LIBRARY = "libc++";
				CLANG_ENABLE_OBJC_ARC = YES;
				CLANG_WARN_BOOL_CONVERSION = YES;
				CLANG_WARN_CONSTANT_CONVERSION = YES;
				CLANG_WARN_DIRECT_OBJC_ISA_USAGE = YES_ERROR;
				CLANG_WARN_EMPTY_BODY = YES;
				CLANG_WARN_ENUM_CONVERSION = YES;
				CLANG_WARN_INT_CONVERSION = YES;
				CLANG_WARN_OBJC_ROOT_CLASS = YES_ERROR;
				CLANG_WARN__DUPLICATE_METHOD_MATCH = YES;
				COPY_PHASE_STRIP = NO;
				GCC_C_LANGUAGE_STANDARD = gnu99;
				GCC_DYNAMIC_NO_PIC = NO;
				GCC_OPTIMIZATION_LEVEL = 0;
				GCC_PREPROCESSOR_DEFINITIONS = (
					"DEBUG=1",
					"$(inherited)",
				);
				GCC_SYMBOLS_PRIVATE_EXTERN = NO;
				GCC_WARN_64_TO_32_BIT_CONVERSION = YES;
				GCC_WARN_ABOUT_RETURN_TYPE = YES_ERROR;
				GCC_WARN_UNDECLARED_SELECTOR = YES;
				GCC_WARN_UNINITIALIZED_AUTOS = YES;
				GCC_WARN_UNUSED_FUNCTION = YES;
				GCC_WARN_UNUSED_VARIABLE = YES;
			};
			name = Debug;
		};
		FA6AD114184A64150039D70D /* Release */ = {
			isa = XCBuildConfiguration;
			buildSettings = {
				ALWAYS_SEARCH_USER_PATHS = NO;
				CLANG_CXX_LANGUAGE_STANDARD = "gnu++0x";
				CLANG_CXX_LIBRARY = "libc++";
				CLANG_ENABLE_OBJC_ARC = YES;
				CLANG_WARN_BOOL_CONVERSION = YES;
				CLANG_WARN_CONSTANT_CONVERSION = YES;
				CLANG_WARN_DIRECT_OBJC_ISA_USAGE = YES_ERROR;
				CLANG_WARN_EMPTY_BODY = YES;
				CLANG_WARN_ENUM_CONVERSION = YES;
				CLANG_WARN_INT_CONVERSION = YES;
				CLANG_WARN_OBJC_ROOT_CLASS = YES_ERROR;
				CLANG_WARN__DUPLICATE_METHOD_MATCH = YES;
				COPY_PHASE_STRIP = YES;
				ENABLE_NS_ASSERTIONS = NO;
				GCC_C_LANGUAGE_STANDARD = gnu99;
				GCC_WARN_64_TO_32_BIT_CONVERSION = YES;
				GCC_WARN_ABOUT_RETURN_TYPE = YES_ERROR;
				GCC_WARN_UNDECLARED_SELECTOR = YES;
				GCC_WARN_UNINITIALIZED_AUTOS = YES;
				GCC_WARN_UNUSED_FUNCTION = YES;
				GCC_WARN_UNUSED_VARIABLE = YES;
			};
			name = Release;
		};
		FA6AD116184A64150039D70D /* Debug */ = {
			isa = XCBuildConfiguration;
			buildSettings = {
				INFOPLIST_FILE = HROApp/ContentInfo.plist;
				INSTALL_PATH = "$(LOCAL_LIBRARY_DIR)/InAppPurchaseContent";
				PRODUCT_NAME = "$(TARGET_NAME)";
				WRAPPER_EXTENSION = "";
			};
			name = Debug;
		};
		FA6AD117184A64150039D70D /* Release */ = {
			isa = XCBuildConfiguration;
			buildSettings = {
				INFOPLIST_FILE = HROApp/ContentInfo.plist;
				INSTALL_PATH = "$(LOCAL_LIBRARY_DIR)/InAppPurchaseContent";
				PRODUCT_NAME = "$(TARGET_NAME)";
				WRAPPER_EXTENSION = "";
			};
			name = Release;
		};
/* End XCBuildConfiguration section */

/* Begin XCConfigurationList section */
		FA6AD10B184A64150039D70D /* Build configuration list for PBXProject "HROApp" */ = {
			isa = XCConfigurationList;
			buildConfigurations = (
				FA6AD113184A64150039D70D /* Debug */,
				FA6AD114184A64150039D70D /* Release */,
			);
			defaultConfigurationIsVisible = 0;
			defaultConfigurationName = Release;
		};
		FA6AD115184A64150039D70D /* Build configuration list for PBXNativeTarget "HROApp" */ = {
			isa = XCConfigurationList;
			buildConfigurations = (
				FA6AD116184A64150039D70D /* Debug */,
				FA6AD117184A64150039D70D /* Release */,
			);
			defaultConfigurationIsVisible = 0;
		};
/* End XCConfigurationList section */
	};
	rootObject = FA6AD108184A64150039D70D /* Project object */;
}
